// !$*UTF8*$!
{
	archiveVersion = 1;
	classes = {
	};
	objectVersion = 50;
	objects = {

/* Begin PBXBuildFile section */
		16052360798E30735C89B1C2 /* Pods_FlixTests.framework in Frameworks */ = {isa = PBXBuildFile; fileRef = 0D256E52B341171D269B66D8 /* Pods_FlixTests.framework */; };
		2128FA263D7232118095483D /* Pods_Flix.framework in Frameworks */ = {isa = PBXBuildFile; fileRef = 3F8578CBCB37D8632802CFDA /* Pods_Flix.framework */; };
		8566B376239D3544596F186F /* Pods_Flix_FlixUITests.framework in Frameworks */ = {isa = PBXBuildFile; fileRef = 3760054D7BFDDB609B0A0331 /* Pods_Flix_FlixUITests.framework */; };
		DD08C6FB25CF6E8D008CB638 /* AppDelegate.swift in Sources */ = {isa = PBXBuildFile; fileRef = DD08C6FA25CF6E8D008CB638 /* AppDelegate.swift */; };
		DD08C6FD25CF6E8D008CB638 /* SceneDelegate.swift in Sources */ = {isa = PBXBuildFile; fileRef = DD08C6FC25CF6E8D008CB638 /* SceneDelegate.swift */; };
		DD08C70225CF6E8D008CB638 /* Main.storyboard in Resources */ = {isa = PBXBuildFile; fileRef = DD08C70025CF6E8D008CB638 /* Main.storyboard */; };
		DD08C70425CF6E90008CB638 /* Assets.xcassets in Resources */ = {isa = PBXBuildFile; fileRef = DD08C70325CF6E90008CB638 /* Assets.xcassets */; };
		DD08C70725CF6E90008CB638 /* LaunchScreen.storyboard in Resources */ = {isa = PBXBuildFile; fileRef = DD08C70525CF6E90008CB638 /* LaunchScreen.storyboard */; };
		DD08C71225CF6E91008CB638 /* FlixTests.swift in Sources */ = {isa = PBXBuildFile; fileRef = DD08C71125CF6E91008CB638 /* FlixTests.swift */; };
		DD08C71D25CF6E91008CB638 /* FlixUITests.swift in Sources */ = {isa = PBXBuildFile; fileRef = DD08C71C25CF6E91008CB638 /* FlixUITests.swift */; };
		DD08C72E25CFA443008CB638 /* MoviesViewController.swift in Sources */ = {isa = PBXBuildFile; fileRef = DD08C72D25CFA443008CB638 /* MoviesViewController.swift */; };
		DD3791D525D8B18F00EAF7DD /* MovieCell.swift in Sources */ = {isa = PBXBuildFile; fileRef = DD3791D425D8B18F00EAF7DD /* MovieCell.swift */; };
/* End PBXBuildFile section */

/* Begin PBXContainerItemProxy section */
		DD08C70E25CF6E91008CB638 /* PBXContainerItemProxy */ = {
			isa = PBXContainerItemProxy;
			containerPortal = DD08C6EF25CF6E8D008CB638 /* Project object */;
			proxyType = 1;
			remoteGlobalIDString = DD08C6F625CF6E8D008CB638;
			remoteInfo = Flix;
		};
		DD08C71925CF6E91008CB638 /* PBXContainerItemProxy */ = {
			isa = PBXContainerItemProxy;
			containerPortal = DD08C6EF25CF6E8D008CB638 /* Project object */;
			proxyType = 1;
			remoteGlobalIDString = DD08C6F625CF6E8D008CB638;
			remoteInfo = Flix;
		};
/* End PBXContainerItemProxy section */

/* Begin PBXFileReference section */
		0D256E52B341171D269B66D8 /* Pods_FlixTests.framework */ = {isa = PBXFileReference; explicitFileType = wrapper.framework; includeInIndex = 0; path = Pods_FlixTests.framework; sourceTree = BUILT_PRODUCTS_DIR; };
		0DB4FC5D33DEB5D9EF28EB99 /* Pods-Flix.release.xcconfig */ = {isa = PBXFileReference; includeInIndex = 1; lastKnownFileType = text.xcconfig; name = "Pods-Flix.release.xcconfig"; path = "Target Support Files/Pods-Flix/Pods-Flix.release.xcconfig"; sourceTree = "<group>"; };
		3760054D7BFDDB609B0A0331 /* Pods_Flix_FlixUITests.framework */ = {isa = PBXFileReference; explicitFileType = wrapper.framework; includeInIndex = 0; path = Pods_Flix_FlixUITests.framework; sourceTree = BUILT_PRODUCTS_DIR; };
		3F8578CBCB37D8632802CFDA /* Pods_Flix.framework */ = {isa = PBXFileReference; explicitFileType = wrapper.framework; includeInIndex = 0; path = Pods_Flix.framework; sourceTree = BUILT_PRODUCTS_DIR; };
		41C2CAA38130923E8EA08281 /* Pods-Flix.debug.xcconfig */ = {isa = PBXFileReference; includeInIndex = 1; lastKnownFileType = text.xcconfig; name = "Pods-Flix.debug.xcconfig"; path = "Target Support Files/Pods-Flix/Pods-Flix.debug.xcconfig"; sourceTree = "<group>"; };
		84265CCB0C22D72832AF27D2 /* Pods-FlixTests.release.xcconfig */ = {isa = PBXFileReference; includeInIndex = 1; lastKnownFileType = text.xcconfig; name = "Pods-FlixTests.release.xcconfig"; path = "Target Support Files/Pods-FlixTests/Pods-FlixTests.release.xcconfig"; sourceTree = "<group>"; };
		8E5011D43CC06F3CB4B18677 /* Pods-Flix-FlixUITests.debug.xcconfig */ = {isa = PBXFileReference; includeInIndex = 1; lastKnownFileType = text.xcconfig; name = "Pods-Flix-FlixUITests.debug.xcconfig"; path = "Target Support Files/Pods-Flix-FlixUITests/Pods-Flix-FlixUITests.debug.xcconfig"; sourceTree = "<group>"; };
		8EBC58D197C35E80A323458E /* Pods-Flix-FlixUITests.release.xcconfig */ = {isa = PBXFileReference; includeInIndex = 1; lastKnownFileType = text.xcconfig; name = "Pods-Flix-FlixUITests.release.xcconfig"; path = "Target Support Files/Pods-Flix-FlixUITests/Pods-Flix-FlixUITests.release.xcconfig"; sourceTree = "<group>"; };
		D30D0F7959A0ADAEAF8DA1F4 /* Pods-FlixTests.debug.xcconfig */ = {isa = PBXFileReference; includeInIndex = 1; lastKnownFileType = text.xcconfig; name = "Pods-FlixTests.debug.xcconfig"; path = "Target Support Files/Pods-FlixTests/Pods-FlixTests.debug.xcconfig"; sourceTree = "<group>"; };
		DD08C6F725CF6E8D008CB638 /* Flix.app */ = {isa = PBXFileReference; explicitFileType = wrapper.application; includeInIndex = 0; path = Flix.app; sourceTree = BUILT_PRODUCTS_DIR; };
		DD08C6FA25CF6E8D008CB638 /* AppDelegate.swift */ = {isa = PBXFileReference; lastKnownFileType = sourcecode.swift; path = AppDelegate.swift; sourceTree = "<group>"; };
		DD08C6FC25CF6E8D008CB638 /* SceneDelegate.swift */ = {isa = PBXFileReference; lastKnownFileType = sourcecode.swift; path = SceneDelegate.swift; sourceTree = "<group>"; };
		DD08C70125CF6E8D008CB638 /* Base */ = {isa = PBXFileReference; lastKnownFileType = file.storyboard; name = Base; path = Base.lproj/Main.storyboard; sourceTree = "<group>"; };
		DD08C70325CF6E90008CB638 /* Assets.xcassets */ = {isa = PBXFileReference; lastKnownFileType = folder.assetcatalog; path = Assets.xcassets; sourceTree = "<group>"; };
		DD08C70625CF6E90008CB638 /* Base */ = {isa = PBXFileReference; lastKnownFileType = file.storyboard; name = Base; path = Base.lproj/LaunchScreen.storyboard; sourceTree = "<group>"; };
		DD08C70825CF6E90008CB638 /* Info.plist */ = {isa = PBXFileReference; lastKnownFileType = text.plist.xml; path = Info.plist; sourceTree = "<group>"; };
		DD08C70D25CF6E91008CB638 /* FlixTests.xctest */ = {isa = PBXFileReference; explicitFileType = wrapper.cfbundle; includeInIndex = 0; path = FlixTests.xctest; sourceTree = BUILT_PRODUCTS_DIR; };
		DD08C71125CF6E91008CB638 /* FlixTests.swift */ = {isa = PBXFileReference; lastKnownFileType = sourcecode.swift; path = FlixTests.swift; sourceTree = "<group>"; };
		DD08C71325CF6E91008CB638 /* Info.plist */ = {isa = PBXFileReference; lastKnownFileType = text.plist.xml; path = Info.plist; sourceTree = "<group>"; };
		DD08C71825CF6E91008CB638 /* FlixUITests.xctest */ = {isa = PBXFileReference; explicitFileType = wrapper.cfbundle; includeInIndex = 0; path = FlixUITests.xctest; sourceTree = BUILT_PRODUCTS_DIR; };
		DD08C71C25CF6E91008CB638 /* FlixUITests.swift */ = {isa = PBXFileReference; lastKnownFileType = sourcecode.swift; path = FlixUITests.swift; sourceTree = "<group>"; };
		DD08C71E25CF6E91008CB638 /* Info.plist */ = {isa = PBXFileReference; lastKnownFileType = text.plist.xml; path = Info.plist; sourceTree = "<group>"; };
		DD08C72D25CFA443008CB638 /* MoviesViewController.swift */ = {isa = PBXFileReference; lastKnownFileType = sourcecode.swift; path = MoviesViewController.swift; sourceTree = "<group>"; };
		DD3791D425D8B18F00EAF7DD /* MovieCell.swift */ = {isa = PBXFileReference; lastKnownFileType = sourcecode.swift; path = MovieCell.swift; sourceTree = "<group>"; };
/* End PBXFileReference section */

/* Begin PBXFrameworksBuildPhase section */
		DD08C6F425CF6E8D008CB638 /* Frameworks */ = {
			isa = PBXFrameworksBuildPhase;
			buildActionMask = 2147483647;
			files = (
				2128FA263D7232118095483D /* Pods_Flix.framework in Frameworks */,
			);
			runOnlyForDeploymentPostprocessing = 0;
		};
		DD08C70A25CF6E91008CB638 /* Frameworks */ = {
			isa = PBXFrameworksBuildPhase;
			buildActionMask = 2147483647;
			files = (
				16052360798E30735C89B1C2 /* Pods_FlixTests.framework in Frameworks */,
			);
			runOnlyForDeploymentPostprocessing = 0;
		};
		DD08C71525CF6E91008CB638 /* Frameworks */ = {
			isa = PBXFrameworksBuildPhase;
			buildActionMask = 2147483647;
			files = (
				8566B376239D3544596F186F /* Pods_Flix_FlixUITests.framework in Frameworks */,
			);
			runOnlyForDeploymentPostprocessing = 0;
		};
/* End PBXFrameworksBuildPhase section */

/* Begin PBXGroup section */
		7E42738D800B14A4B40763B0 /* Frameworks */ = {
			isa = PBXGroup;
			children = (
				3F8578CBCB37D8632802CFDA /* Pods_Flix.framework */,
				3760054D7BFDDB609B0A0331 /* Pods_Flix_FlixUITests.framework */,
				0D256E52B341171D269B66D8 /* Pods_FlixTests.framework */,
			);
			name = Frameworks;
			sourceTree = "<group>";
		};
		A1B7EE074B16AEAA20556079 /* Pods */ = {
			isa = PBXGroup;
			children = (
				41C2CAA38130923E8EA08281 /* Pods-Flix.debug.xcconfig */,
				0DB4FC5D33DEB5D9EF28EB99 /* Pods-Flix.release.xcconfig */,
				8E5011D43CC06F3CB4B18677 /* Pods-Flix-FlixUITests.debug.xcconfig */,
				8EBC58D197C35E80A323458E /* Pods-Flix-FlixUITests.release.xcconfig */,
				D30D0F7959A0ADAEAF8DA1F4 /* Pods-FlixTests.debug.xcconfig */,
				84265CCB0C22D72832AF27D2 /* Pods-FlixTests.release.xcconfig */,
			);
			name = Pods;
			path = Pods;
			sourceTree = "<group>";
		};
		DD08C6EE25CF6E8D008CB638 = {
			isa = PBXGroup;
			children = (
				DD08C6F925CF6E8D008CB638 /* Flix */,
				DD08C71025CF6E91008CB638 /* FlixTests */,
				DD08C71B25CF6E91008CB638 /* FlixUITests */,
				DD08C6F825CF6E8D008CB638 /* Products */,
				A1B7EE074B16AEAA20556079 /* Pods */,
				7E42738D800B14A4B40763B0 /* Frameworks */,
			);
			sourceTree = "<group>";
		};
		DD08C6F825CF6E8D008CB638 /* Products */ = {
			isa = PBXGroup;
			children = (
				DD08C6F725CF6E8D008CB638 /* Flix.app */,
				DD08C70D25CF6E91008CB638 /* FlixTests.xctest */,
				DD08C71825CF6E91008CB638 /* FlixUITests.xctest */,
			);
			name = Products;
			sourceTree = "<group>";
		};
		DD08C6F925CF6E8D008CB638 /* Flix */ = {
			isa = PBXGroup;
			children = (
				DD08C6FA25CF6E8D008CB638 /* AppDelegate.swift */,
				DD08C6FC25CF6E8D008CB638 /* SceneDelegate.swift */,
				DD08C70025CF6E8D008CB638 /* Main.storyboard */,
				DD08C70325CF6E90008CB638 /* Assets.xcassets */,
				DD3791D425D8B18F00EAF7DD /* MovieCell.swift */,
				DD08C70525CF6E90008CB638 /* LaunchScreen.storyboard */,
				DD08C70825CF6E90008CB638 /* Info.plist */,
				DD08C72D25CFA443008CB638 /* MoviesViewController.swift */,
			);
			path = Flix;
			sourceTree = "<group>";
		};
		DD08C71025CF6E91008CB638 /* FlixTests */ = {
			isa = PBXGroup;
			children = (
				DD08C71125CF6E91008CB638 /* FlixTests.swift */,
				DD08C71325CF6E91008CB638 /* Info.plist */,
			);
			path = FlixTests;
			sourceTree = "<group>";
		};
		DD08C71B25CF6E91008CB638 /* FlixUITests */ = {
			isa = PBXGroup;
			children = (
				DD08C71C25CF6E91008CB638 /* FlixUITests.swift */,
				DD08C71E25CF6E91008CB638 /* Info.plist */,
			);
			path = FlixUITests;
			sourceTree = "<group>";
		};
/* End PBXGroup section */

/* Begin PBXNativeTarget section */
		DD08C6F625CF6E8D008CB638 /* Flix */ = {
			isa = PBXNativeTarget;
			buildConfigurationList = DD08C72125CF6E91008CB638 /* Build configuration list for PBXNativeTarget "Flix" */;
			buildPhases = (
				85BD7C62764EDB15E0C16436 /* [CP] Check Pods Manifest.lock */,
				DD08C6F325CF6E8D008CB638 /* Sources */,
				DD08C6F425CF6E8D008CB638 /* Frameworks */,
				DD08C6F525CF6E8D008CB638 /* Resources */,
				446D5789F01D41AAC95BA041 /* [CP] Embed Pods Frameworks */,
			);
			buildRules = (
			);
			dependencies = (
			);
			name = Flix;
			productName = Flix;
			productReference = DD08C6F725CF6E8D008CB638 /* Flix.app */;
			productType = "com.apple.product-type.application";
		};
		DD08C70C25CF6E91008CB638 /* FlixTests */ = {
			isa = PBXNativeTarget;
			buildConfigurationList = DD08C72425CF6E91008CB638 /* Build configuration list for PBXNativeTarget "FlixTests" */;
			buildPhases = (
				28AB0636CB74588EE84F66E1 /* [CP] Check Pods Manifest.lock */,
				DD08C70925CF6E91008CB638 /* Sources */,
				DD08C70A25CF6E91008CB638 /* Frameworks */,
				DD08C70B25CF6E91008CB638 /* Resources */,
			);
			buildRules = (
			);
			dependencies = (
				DD08C70F25CF6E91008CB638 /* PBXTargetDependency */,
			);
			name = FlixTests;
			productName = FlixTests;
			productReference = DD08C70D25CF6E91008CB638 /* FlixTests.xctest */;
			productType = "com.apple.product-type.bundle.unit-test";
		};
		DD08C71725CF6E91008CB638 /* FlixUITests */ = {
			isa = PBXNativeTarget;
			buildConfigurationList = DD08C72725CF6E91008CB638 /* Build configuration list for PBXNativeTarget "FlixUITests" */;
			buildPhases = (
				7B15209271E2323BF226AA68 /* [CP] Check Pods Manifest.lock */,
				DD08C71425CF6E91008CB638 /* Sources */,
				DD08C71525CF6E91008CB638 /* Frameworks */,
				DD08C71625CF6E91008CB638 /* Resources */,
				B946570B7315C86765FE1CB2 /* [CP] Embed Pods Frameworks */,
			);
			buildRules = (
			);
			dependencies = (
				DD08C71A25CF6E91008CB638 /* PBXTargetDependency */,
			);
			name = FlixUITests;
			productName = FlixUITests;
			productReference = DD08C71825CF6E91008CB638 /* FlixUITests.xctest */;
			productType = "com.apple.product-type.bundle.ui-testing";
		};
/* End PBXNativeTarget section */

/* Begin PBXProject section */
		DD08C6EF25CF6E8D008CB638 /* Project object */ = {
			isa = PBXProject;
			attributes = {
				LastSwiftUpdateCheck = 1230;
				LastUpgradeCheck = 1230;
				TargetAttributes = {
					DD08C6F625CF6E8D008CB638 = {
						CreatedOnToolsVersion = 12.3;
					};
					DD08C70C25CF6E91008CB638 = {
						CreatedOnToolsVersion = 12.3;
						TestTargetID = DD08C6F625CF6E8D008CB638;
					};
					DD08C71725CF6E91008CB638 = {
						CreatedOnToolsVersion = 12.3;
						TestTargetID = DD08C6F625CF6E8D008CB638;
					};
				};
			};
			buildConfigurationList = DD08C6F225CF6E8D008CB638 /* Build configuration list for PBXProject "Flix" */;
			compatibilityVersion = "Xcode 9.3";
			developmentRegion = en;
			hasScannedForEncodings = 0;
			knownRegions = (
				en,
				Base,
			);
			mainGroup = DD08C6EE25CF6E8D008CB638;
			productRefGroup = DD08C6F825CF6E8D008CB638 /* Products */;
			projectDirPath = "";
			projectRoot = "";
			targets = (
				DD08C6F625CF6E8D008CB638 /* Flix */,
				DD08C70C25CF6E91008CB638 /* FlixTests */,
				DD08C71725CF6E91008CB638 /* FlixUITests */,
			);
		};
/* End PBXProject section */

/* Begin PBXResourcesBuildPhase section */
		DD08C6F525CF6E8D008CB638 /* Resources */ = {
			isa = PBXResourcesBuildPhase;
			buildActionMask = 2147483647;
			files = (
				DD08C70725CF6E90008CB638 /* LaunchScreen.storyboard in Resources */,
				DD08C70425CF6E90008CB638 /* Assets.xcassets in Resources */,
				DD08C70225CF6E8D008CB638 /* Main.storyboard in Resources */,
			);
			runOnlyForDeploymentPostprocessing = 0;
		};
		DD08C70B25CF6E91008CB638 /* Resources */ = {
			isa = PBXResourcesBuildPhase;
			buildActionMask = 2147483647;
			files = (
			);
			runOnlyForDeploymentPostprocessing = 0;
		};
		DD08C71625CF6E91008CB638 /* Resources */ = {
			isa = PBXResourcesBuildPhase;
			buildActionMask = 2147483647;
			files = (
			);
			runOnlyForDeploymentPostprocessing = 0;
		};
/* End PBXResourcesBuildPhase section */

/* Begin PBXShellScriptBuildPhase section */
		28AB0636CB74588EE84F66E1 /* [CP] Check Pods Manifest.lock */ = {
			isa = PBXShellScriptBuildPhase;
			buildActionMask = 2147483647;
			files = (
			);
			inputFileListPaths = (
			);
			inputPaths = (
				"${PODS_PODFILE_DIR_PATH}/Podfile.lock",
				"${PODS_ROOT}/Manifest.lock",
			);
			name = "[CP] Check Pods Manifest.lock";
			outputFileListPaths = (
			);
			outputPaths = (
				"$(DERIVED_FILE_DIR)/Pods-FlixTests-checkManifestLockResult.txt",
			);
			runOnlyForDeploymentPostprocessing = 0;
			shellPath = /bin/sh;
			shellScript = "diff \"${PODS_PODFILE_DIR_PATH}/Podfile.lock\" \"${PODS_ROOT}/Manifest.lock\" > /dev/null\nif [ $? != 0 ] ; then\n    # print error to STDERR\n    echo \"error: The sandbox is not in sync with the Podfile.lock. Run 'pod install' or update your CocoaPods installation.\" >&2\n    exit 1\nfi\n# This output is used by Xcode 'outputs' to avoid re-running this script phase.\necho \"SUCCESS\" > \"${SCRIPT_OUTPUT_FILE_0}\"\n";
			showEnvVarsInLog = 0;
		};
		446D5789F01D41AAC95BA041 /* [CP] Embed Pods Frameworks */ = {
			isa = PBXShellScriptBuildPhase;
			buildActionMask = 2147483647;
			files = (
			);
			inputFileListPaths = (
				"${PODS_ROOT}/Target Support Files/Pods-Flix/Pods-Flix-frameworks-${CONFIGURATION}-input-files.xcfilelist",
			);
			name = "[CP] Embed Pods Frameworks";
			outputFileListPaths = (
				"${PODS_ROOT}/Target Support Files/Pods-Flix/Pods-Flix-frameworks-${CONFIGURATION}-output-files.xcfilelist",
			);
			runOnlyForDeploymentPostprocessing = 0;
			shellPath = /bin/sh;
			shellScript = "\"${PODS_ROOT}/Target Support Files/Pods-Flix/Pods-Flix-frameworks.sh\"\n";
			showEnvVarsInLog = 0;
		};
		7B15209271E2323BF226AA68 /* [CP] Check Pods Manifest.lock */ = {
			isa = PBXShellScriptBuildPhase;
			buildActionMask = 2147483647;
			files = (
			);
			inputFileListPaths = (
			);
			inputPaths = (
				"${PODS_PODFILE_DIR_PATH}/Podfile.lock",
				"${PODS_ROOT}/Manifest.lock",
			);
			name = "[CP] Check Pods Manifest.lock";
			outputFileListPaths = (
			);
			outputPaths = (
				"$(DERIVED_FILE_DIR)/Pods-Flix-FlixUITests-checkManifestLockResult.txt",
			);
			runOnlyForDeploymentPostprocessing = 0;
			shellPath = /bin/sh;
			shellScript = "diff \"${PODS_PODFILE_DIR_PATH}/Podfile.lock\" \"${PODS_ROOT}/Manifest.lock\" > /dev/null\nif [ $? != 0 ] ; then\n    # print error to STDERR\n    echo \"error: The sandbox is not in sync with the Podfile.lock. Run 'pod install' or update your CocoaPods installation.\" >&2\n    exit 1\nfi\n# This output is used by Xcode 'outputs' to avoid re-running this script phase.\necho \"SUCCESS\" > \"${SCRIPT_OUTPUT_FILE_0}\"\n";
			showEnvVarsInLog = 0;
		};
		85BD7C62764EDB15E0C16436 /* [CP] Check Pods Manifest.lock */ = {
			isa = PBXShellScriptBuildPhase;
			buildActionMask = 2147483647;
			files = (
			);
			inputFileListPaths = (
			);
			inputPaths = (
				"${PODS_PODFILE_DIR_PATH}/Podfile.lock",
				"${PODS_ROOT}/Manifest.lock",
			);
			name = "[CP] Check Pods Manifest.lock";
			outputFileListPaths = (
			);
			outputPaths = (
				"$(DERIVED_FILE_DIR)/Pods-Flix-checkManifestLockResult.txt",
			);
			runOnlyForDeploymentPostprocessing = 0;
			shellPath = /bin/sh;
			shellScript = "diff \"${PODS_PODFILE_DIR_PATH}/Podfile.lock\" \"${PODS_ROOT}/Manifest.lock\" > /dev/null\nif [ $? != 0 ] ; then\n    # print error to STDERR\n    echo \"error: The sandbox is not in sync with the Podfile.lock. Run 'pod install' or update your CocoaPods installation.\" >&2\n    exit 1\nfi\n# This output is used by Xcode 'outputs' to avoid re-running this script phase.\necho \"SUCCESS\" > \"${SCRIPT_OUTPUT_FILE_0}\"\n";
			showEnvVarsInLog = 0;
		};
		B946570B7315C86765FE1CB2 /* [CP] Embed Pods Frameworks */ = {
			isa = PBXShellScriptBuildPhase;
			buildActionMask = 2147483647;
			files = (
			);
			inputFileListPaths = (
				"${PODS_ROOT}/Target Support Files/Pods-Flix-FlixUITests/Pods-Flix-FlixUITests-frameworks-${CONFIGURATION}-input-files.xcfilelist",
			);
			name = "[CP] Embed Pods Frameworks";
			outputFileListPaths = (
				"${PODS_ROOT}/Target Support Files/Pods-Flix-FlixUITests/Pods-Flix-FlixUITests-frameworks-${CONFIGURATION}-output-files.xcfilelist",
			);
			runOnlyForDeploymentPostprocessing = 0;
			shellPath = /bin/sh;
			shellScript = "\"${PODS_ROOT}/Target Support Files/Pods-Flix-FlixUITests/Pods-Flix-FlixUITests-frameworks.sh\"\n";
			showEnvVarsInLog = 0;
		};
/* End PBXShellScriptBuildPhase section */

/* Begin PBXSourcesBuildPhase section */
		DD08C6F325CF6E8D008CB638 /* Sources */ = {
			isa = PBXSourcesBuildPhase;
			buildActionMask = 2147483647;
			files = (
				DD08C6FB25CF6E8D008CB638 /* AppDelegate.swift in Sources */,
				DD08C6FD25CF6E8D008CB638 /* SceneDelegate.swift in Sources */,
				DD3791D525D8B18F00EAF7DD /* MovieCell.swift in Sources */,
				DD08C72E25CFA443008CB638 /* MoviesViewController.swift in Sources */,
			);
			runOnlyForDeploymentPostprocessing = 0;
		};
		DD08C70925CF6E91008CB638 /* Sources */ = {
			isa = PBXSourcesBuildPhase;
			buildActionMask = 2147483647;
			files = (
				DD08C71225CF6E91008CB638 /* FlixTests.swift in Sources */,
			);
			runOnlyForDeploymentPostprocessing = 0;
		};
		DD08C71425CF6E91008CB638 /* Sources */ = {
			isa = PBXSourcesBuildPhase;
			buildActionMask = 2147483647;
			files = (
				DD08C71D25CF6E91008CB638 /* FlixUITests.swift in Sources */,
			);
			runOnlyForDeploymentPostprocessing = 0;
		};
/* End PBXSourcesBuildPhase section */

/* Begin PBXTargetDependency section */
		DD08C70F25CF6E91008CB638 /* PBXTargetDependency */ = {
			isa = PBXTargetDependency;
			target = DD08C6F625CF6E8D008CB638 /* Flix */;
			targetProxy = DD08C70E25CF6E91008CB638 /* PBXContainerItemProxy */;
		};
		DD08C71A25CF6E91008CB638 /* PBXTargetDependency */ = {
			isa = PBXTargetDependency;
			target = DD08C6F625CF6E8D008CB638 /* Flix */;
			targetProxy = DD08C71925CF6E91008CB638 /* PBXContainerItemProxy */;
		};
/* End PBXTargetDependency section */

/* Begin PBXVariantGroup section */
		DD08C70025CF6E8D008CB638 /* Main.storyboard */ = {
			isa = PBXVariantGroup;
			children = (
				DD08C70125CF6E8D008CB638 /* Base */,
			);
			name = Main.storyboard;
			sourceTree = "<group>";
		};
		DD08C70525CF6E90008CB638 /* LaunchScreen.storyboard */ = {
			isa = PBXVariantGroup;
			children = (
				DD08C70625CF6E90008CB638 /* Base */,
			);
			name = LaunchScreen.storyboard;
			sourceTree = "<group>";
		};
/* End PBXVariantGroup section */

/* Begin XCBuildConfiguration section */
		DD08C71F25CF6E91008CB638 /* Debug */ = {
			isa = XCBuildConfiguration;
			buildSettings = {
				ALWAYS_SEARCH_USER_PATHS = NO;
				CLANG_ANALYZER_NONNULL = YES;
				CLANG_ANALYZER_NUMBER_OBJECT_CONVERSION = YES_AGGRESSIVE;
				CLANG_CXX_LANGUAGE_STANDARD = "gnu++14";
				CLANG_CXX_LIBRARY = "libc++";
				CLANG_ENABLE_MODULES = YES;
				CLANG_ENABLE_OBJC_ARC = YES;
				CLANG_ENABLE_OBJC_WEAK = YES;
				CLANG_WARN_BLOCK_CAPTURE_AUTORELEASING = YES;
				CLANG_WARN_BOOL_CONVERSION = YES;
				CLANG_WARN_COMMA = YES;
				CLANG_WARN_CONSTANT_CONVERSION = YES;
				CLANG_WARN_DEPRECATED_OBJC_IMPLEMENTATIONS = YES;
				CLANG_WARN_DIRECT_OBJC_ISA_USAGE = YES_ERROR;
				CLANG_WARN_DOCUMENTATION_COMMENTS = YES;
				CLANG_WARN_EMPTY_BODY = YES;
				CLANG_WARN_ENUM_CONVERSION = YES;
				CLANG_WARN_INFINITE_RECURSION = YES;
				CLANG_WARN_INT_CONVERSION = YES;
				CLANG_WARN_NON_LITERAL_NULL_CONVERSION = YES;
				CLANG_WARN_OBJC_IMPLICIT_RETAIN_SELF = YES;
				CLANG_WARN_OBJC_LITERAL_CONVERSION = YES;
				CLANG_WARN_OBJC_ROOT_CLASS = YES_ERROR;
				CLANG_WARN_QUOTED_INCLUDE_IN_FRAMEWORK_HEADER = YES;
				CLANG_WARN_RANGE_LOOP_ANALYSIS = YES;
				CLANG_WARN_STRICT_PROTOTYPES = YES;
				CLANG_WARN_SUSPICIOUS_MOVE = YES;
				CLANG_WARN_UNGUARDED_AVAILABILITY = YES_AGGRESSIVE;
				CLANG_WARN_UNREACHABLE_CODE = YES;
				CLANG_WARN__DUPLICATE_METHOD_MATCH = YES;
				COPY_PHASE_STRIP = NO;
				DEBUG_INFORMATION_FORMAT = dwarf;
				ENABLE_STRICT_OBJC_MSGSEND = YES;
				ENABLE_TESTABILITY = YES;
				GCC_C_LANGUAGE_STANDARD = gnu11;
				GCC_DYNAMIC_NO_PIC = NO;
				GCC_NO_COMMON_BLOCKS = YES;
				GCC_OPTIMIZATION_LEVEL = 0;
				GCC_PREPROCESSOR_DEFINITIONS = (
					"DEBUG=1",
					"$(inherited)",
				);
				GCC_WARN_64_TO_32_BIT_CONVERSION = YES;
				GCC_WARN_ABOUT_RETURN_TYPE = YES_ERROR;
				GCC_WARN_UNDECLARED_SELECTOR = YES;
				GCC_WARN_UNINITIALIZED_AUTOS = YES_AGGRESSIVE;
				GCC_WARN_UNUSED_FUNCTION = YES;
				GCC_WARN_UNUSED_VARIABLE = YES;
				IPHONEOS_DEPLOYMENT_TARGET = 14.3;
				MTL_ENABLE_DEBUG_INFO = INCLUDE_SOURCE;
				MTL_FAST_MATH = YES;
				ONLY_ACTIVE_ARCH = YES;
				SDKROOT = iphoneos;
				SWIFT_ACTIVE_COMPILATION_CONDITIONS = DEBUG;
				SWIFT_OPTIMIZATION_LEVEL = "-Onone";
			};
			name = Debug;
		};
		DD08C72025CF6E91008CB638 /* Release */ = {
			isa = XCBuildConfiguration;
			buildSettings = {
				ALWAYS_SEARCH_USER_PATHS = NO;
				CLANG_ANALYZER_NONNULL = YES;
				CLANG_ANALYZER_NUMBER_OBJECT_CONVERSION = YES_AGGRESSIVE;
				CLANG_CXX_LANGUAGE_STANDARD = "gnu++14";
				CLANG_CXX_LIBRARY = "libc++";
				CLANG_ENABLE_MODULES = YES;
				CLANG_ENABLE_OBJC_ARC = YES;
				CLANG_ENABLE_OBJC_WEAK = YES;
				CLANG_WARN_BLOCK_CAPTURE_AUTORELEASING = YES;
				CLANG_WARN_BOOL_CONVERSION = YES;
				CLANG_WARN_COMMA = YES;
				CLANG_WARN_CONSTANT_CONVERSION = YES;
				CLANG_WARN_DEPRECATED_OBJC_IMPLEMENTATIONS = YES;
				CLANG_WARN_DIRECT_OBJC_ISA_USAGE = YES_ERROR;
				CLANG_WARN_DOCUMENTATION_COMMENTS = YES;
				CLANG_WARN_EMPTY_BODY = YES;
				CLANG_WARN_ENUM_CONVERSION = YES;
				CLANG_WARN_INFINITE_RECURSION = YES;
				CLANG_WARN_INT_CONVERSION = YES;
				CLANG_WARN_NON_LITERAL_NULL_CONVERSION = YES;
				CLANG_WARN_OBJC_IMPLICIT_RETAIN_SELF = YES;
				CLANG_WARN_OBJC_LITERAL_CONVERSION = YES;
				CLANG_WARN_OBJC_ROOT_CLASS = YES_ERROR;
				CLANG_WARN_QUOTED_INCLUDE_IN_FRAMEWORK_HEADER = YES;
				CLANG_WARN_RANGE_LOOP_ANALYSIS = YES;
				CLANG_WARN_STRICT_PROTOTYPES = YES;
				CLANG_WARN_SUSPICIOUS_MOVE = YES;
				CLANG_WARN_UNGUARDED_AVAILABILITY = YES_AGGRESSIVE;
				CLANG_WARN_UNREACHABLE_CODE = YES;
				CLANG_WARN__DUPLICATE_METHOD_MATCH = YES;
				COPY_PHASE_STRIP = NO;
				DEBUG_INFORMATION_FORMAT = "dwarf-with-dsym";
				ENABLE_NS_ASSERTIONS = NO;
				ENABLE_STRICT_OBJC_MSGSEND = YES;
				GCC_C_LANGUAGE_STANDARD = gnu11;
				GCC_NO_COMMON_BLOCKS = YES;
				GCC_WARN_64_TO_32_BIT_CONVERSION = YES;
				GCC_WARN_ABOUT_RETURN_TYPE = YES_ERROR;
				GCC_WARN_UNDECLARED_SELECTOR = YES;
				GCC_WARN_UNINITIALIZED_AUTOS = YES_AGGRESSIVE;
				GCC_WARN_UNUSED_FUNCTION = YES;
				GCC_WARN_UNUSED_VARIABLE = YES;
				IPHONEOS_DEPLOYMENT_TARGET = 14.3;
				MTL_ENABLE_DEBUG_INFO = NO;
				MTL_FAST_MATH = YES;
				SDKROOT = iphoneos;
				SWIFT_COMPILATION_MODE = wholemodule;
				SWIFT_OPTIMIZATION_LEVEL = "-O";
				VALIDATE_PRODUCT = YES;
			};
			name = Release;
		};
		DD08C72225CF6E91008CB638 /* Debug */ = {
			isa = XCBuildConfiguration;
			baseConfigurationReference = 41C2CAA38130923E8EA08281 /* Pods-Flix.debug.xcconfig */;
			buildSettings = {
				ASSETCATALOG_COMPILER_APPICON_NAME = AppIcon;
				ASSETCATALOG_COMPILER_GLOBAL_ACCENT_COLOR_NAME = AccentColor;
				CODE_SIGN_STYLE = Automatic;
				DEVELOPMENT_TEAM = "";
				INFOPLIST_FILE = Flix/Info.plist;
				LD_RUNPATH_SEARCH_PATHS = (
					"$(inherited)",
					"@executable_path/Frameworks",
				);
				PRODUCT_BUNDLE_IDENTIFIER = cpp.Flix;
				PRODUCT_NAME = "$(TARGET_NAME)";
				SWIFT_VERSION = 5.0;
				TARGETED_DEVICE_FAMILY = "1,2";
			};
			name = Debug;
		};
		DD08C72325CF6E91008CB638 /* Release */ = {
			isa = XCBuildConfiguration;
			baseConfigurationReference = 0DB4FC5D33DEB5D9EF28EB99 /* Pods-Flix.release.xcconfig */;
			buildSettings = {
				ASSETCATALOG_COMPILER_APPICON_NAME = AppIcon;
				ASSETCATALOG_COMPILER_GLOBAL_ACCENT_COLOR_NAME = AccentColor;
				CODE_SIGN_STYLE = Automatic;
				DEVELOPMENT_TEAM = "";
				INFOPLIST_FILE = Flix/Info.plist;
				LD_RUNPATH_SEARCH_PATHS = (
					"$(inherited)",
					"@executable_path/Frameworks",
				);
				PRODUCT_BUNDLE_IDENTIFIER = cpp.Flix;
				PRODUCT_NAME = "$(TARGET_NAME)";
				SWIFT_VERSION = 5.0;
				TARGETED_DEVICE_FAMILY = "1,2";
			};
			name = Release;
		};
		DD08C72525CF6E91008CB638 /* Debug */ = {
			isa = XCBuildConfiguration;
			baseConfigurationReference = D30D0F7959A0ADAEAF8DA1F4 /* Pods-FlixTests.debug.xcconfig */;
			buildSettings = {
				ALWAYS_EMBED_SWIFT_STANDARD_LIBRARIES = YES;
				BUNDLE_LOADER = "$(TEST_HOST)";
				CODE_SIGN_STYLE = Automatic;
				INFOPLIST_FILE = FlixTests/Info.plist;
				IPHONEOS_DEPLOYMENT_TARGET = 14.3;
				LD_RUNPATH_SEARCH_PATHS = (
					"$(inherited)",
					"@executable_path/Frameworks",
					"@loader_path/Frameworks",
				);
				PRODUCT_BUNDLE_IDENTIFIER = cpp.FlixTests;
				PRODUCT_NAME = "$(TARGET_NAME)";
				SWIFT_VERSION = 5.0;
				TARGETED_DEVICE_FAMILY = "1,2";
				TEST_HOST = "$(BUILT_PRODUCTS_DIR)/Flix.app/Flix";
			};
			name = Debug;
		};
		DD08C72625CF6E91008CB638 /* Release */ = {
			isa = XCBuildConfiguration;
			baseConfigurationReference = 84265CCB0C22D72832AF27D2 /* Pods-FlixTests.release.xcconfig */;
			buildSettings = {
				ALWAYS_EMBED_SWIFT_STANDARD_LIBRARIES = YES;
				BUNDLE_LOADER = "$(TEST_HOST)";
				CODE_SIGN_STYLE = Automatic;
				INFOPLIST_FILE = FlixTests/Info.plist;
				IPHONEOS_DEPLOYMENT_TARGET = 14.3;
				LD_RUNPATH_SEARCH_PATHS = (
					"$(inherited)",
					"@executable_path/Frameworks",
					"@loader_path/Frameworks",
				);
				PRODUCT_BUNDLE_IDENTIFIER = cpp.FlixTests;
				PRODUCT_NAME = "$(TARGET_NAME)";
				SWIFT_VERSION = 5.0;
				TARGETED_DEVICE_FAMILY = "1,2";
				TEST_HOST = "$(BUILT_PRODUCTS_DIR)/Flix.app/Flix";
			};
			name = Release;
		};
		DD08C72825CF6E91008CB638 /* Debug */ = {
			isa = XCBuildConfiguration;
			baseConfigurationReference = 8E5011D43CC06F3CB4B18677 /* Pods-Flix-FlixUITests.debug.xcconfig */;
			buildSettings = {
				ALWAYS_EMBED_SWIFT_STANDARD_LIBRARIES = YES;
				CODE_SIGN_STYLE = Automatic;
				INFOPLIST_FILE = FlixUITests/Info.plist;
				LD_RUNPATH_SEARCH_PATHS = (
					"$(inherited)",
					"@executable_path/Frameworks",
					"@loader_path/Frameworks",
				);
				PRODUCT_BUNDLE_IDENTIFIER = cpp.FlixUITests;
				PRODUCT_NAME = "$(TARGET_NAME)";
				SWIFT_VERSION = 5.0;
				TARGETED_DEVICE_FAMILY = "1,2";
				TEST_TARGET_NAME = Flix;
			};
			name = Debug;
		};
		DD08C72925CF6E91008CB638 /* Release */ = {
			isa = XCBuildConfiguration;
			baseConfigurationReference = 8EBC58D197C35E80A323458E /* Pods-Flix-FlixUITests.release.xcconfig */;
			buildSettings = {
				ALWAYS_EMBED_SWIFT_STANDARD_LIBRARIES = YES;
				CODE_SIGN_STYLE = Automatic;
				INFOPLIST_FILE = FlixUITests/Info.plist;
				LD_RUNPATH_SEARCH_PATHS = (
					"$(inherited)",
					"@executable_path/Frameworks",
					"@loader_path/Frameworks",
				);
				PRODUCT_BUNDLE_IDENTIFIER = cpp.FlixUITests;
				PRODUCT_NAME = "$(TARGET_NAME)";
				SWIFT_VERSION = 5.0;
				TARGETED_DEVICE_FAMILY = "1,2";
				TEST_TARGET_NAME = Flix;
			};
			name = Release;
		};
/* End XCBuildConfiguration section */

/* Begin XCConfigurationList section */
		DD08C6F225CF6E8D008CB638 /* Build configuration list for PBXProject "Flix" */ = {
			isa = XCConfigurationList;
			buildConfigurations = (
				DD08C71F25CF6E91008CB638 /* Debug */,
				DD08C72025CF6E91008CB638 /* Release */,
			);
			defaultConfigurationIsVisible = 0;
			defaultConfigurationName = Release;
		};
		DD08C72125CF6E91008CB638 /* Build configuration list for PBXNativeTarget "Flix" */ = {
			isa = XCConfigurationList;
			buildConfigurations = (
				DD08C72225CF6E91008CB638 /* Debug */,
				DD08C72325CF6E91008CB638 /* Release */,
			);
			defaultConfigurationIsVisible = 0;
			defaultConfigurationName = Release;
		};
		DD08C72425CF6E91008CB638 /* Build configuration list for PBXNativeTarget "FlixTests" */ = {
			isa = XCConfigurationList;
			buildConfigurations = (
				DD08C72525CF6E91008CB638 /* Debug */,
				DD08C72625CF6E91008CB638 /* Release */,
			);
			defaultConfigurationIsVisible = 0;
			defaultConfigurationName = Release;
		};
		DD08C72725CF6E91008CB638 /* Build configuration list for PBXNativeTarget "FlixUITests" */ = {
			isa = XCConfigurationList;
			buildConfigurations = (
				DD08C72825CF6E91008CB638 /* Debug */,
				DD08C72925CF6E91008CB638 /* Release */,
			);
			defaultConfigurationIsVisible = 0;
			defaultConfigurationName = Release;
		};
/* End XCConfigurationList section */
	};
	rootObject = DD08C6EF25CF6E8D008CB638 /* Project object */;
}
